
Microsoft Visual Studio Solution File, Format Version 12.00
# Visual Studio Version 17
VisualStudioVersion = 17.2.32408.312
MinimumVisualStudioVersion = 10.0.40219.1
Project("{FAE04EC0-301F-11D3-BF4B-00C04F79EFBC}") = "InformationSystem2", "InformationSystem2\InformationSystem2.csproj", "{5138ECA9-83ED-4637-A835-5EE05D831B74}"
EndProject
Global
	GlobalSection(SolutionConfigurationPlatforms) = preSolution
		Debug|Any CPU = Debug|Any CPU
		Release|Any CPU = Release|Any CPU
	EndGlobalSection
	GlobalSection(ProjectConfigurationPlatforms) = postSolution
		{5138ECA9-83ED-4637-A835-5EE05D831B74}.Debug|Any CPU.ActiveCfg = Debug|Any CPU
		{5138ECA9-83ED-4637-A835-5EE05D831B74}.Debug|Any CPU.Build.0 = Debug|Any CPU
		{5138ECA9-83ED-4637-A835-5EE05D831B74}.Release|Any CPU.ActiveCfg = Release|Any CPU
		{5138ECA9-83ED-4637-A835-5EE05D831B74}.Release|Any CPU.Build.0 = Release|Any CPU
	EndGlobalSection
	GlobalSection(SolutionProperties) = preSolution
		HideSolutionNode = FALSE
	EndGlobalSection
	GlobalSection(ExtensibilityGlobals) = postSolution
		SolutionGuid = {E8466B66-7258-4E72-9966-B93D98D63F26}
	EndGlobalSection
EndGlobal
